
Microsoft Visual Studio Solution File, Format Version 12.00
Project("{FAE04EC0-301F-11D3-BF4B-00C04F79EFBC}") = "AndroidSpoilerImage", "AndroidSpoilerImage\AndroidSpoilerImage.csproj", "{E4305064-A283-4DD8-9C36-924B28189642}"
EndProject
Global
	GlobalSection(SolutionConfigurationPlatforms) = preSolution
		Debug|Any CPU = Debug|Any CPU
		Release|Any CPU = Release|Any CPU
	EndGlobalSection
	GlobalSection(ProjectConfigurationPlatforms) = postSolution
		{E4305064-A283-4DD8-9C36-924B28189642}.Debug|Any CPU.ActiveCfg = Debug|Any CPU
		{E4305064-A283-4DD8-9C36-924B28189642}.Debug|Any CPU.Build.0 = Debug|Any CPU
		{E4305064-A283-4DD8-9C36-924B28189642}.Debug|Any CPU.Deploy.0 = Debug|Any CPU
		{E4305064-A283-4DD8-9C36-924B28189642}.Release|Any CPU.ActiveCfg = Release|Any CPU
		{E4305064-A283-4DD8-9C36-924B28189642}.Release|Any CPU.Build.0 = Release|Any CPU
		{E4305064-A283-4DD8-9C36-924B28189642}.Release|Any CPU.Deploy.0 = Release|Any CPU
	EndGlobalSection
EndGlobal
